
Microsoft Visual Studio Solution File, Format Version 12.00
# Visual Studio Version 17
VisualStudioVersion = 17.6.33829.357
MinimumVisualStudioVersion = 10.0.40219.1
Project("{9A19103F-16F7-4668-BE54-9A1E7A4F7556}") = "BSP.POS.Presentacion", "BSP.POS.Presentacion\BSP.POS.Presentacion.csproj", "{9367289C-2B4E-4594-8A7E-FC0DC925D25C}"
EndProject
Project("{9A19103F-16F7-4668-BE54-9A1E7A4F7556}") = "BSP.POS.DATOS", "BSP.POS.DATOS\BSP.POS.DATOS.csproj", "{8463DDC9-A9ED-44E9-B944-92006FF9CBC2}"
EndProject
Project("{9A19103F-16F7-4668-BE54-9A1E7A4F7556}") = "BSP.POS.UTILITARIOS", "BSP.POS.UTILITARIOS\BSP.POS.UTILITARIOS.csproj", "{499AD16E-4337-458B-8C30-7B311589A3BD}"
EndProject
Project("{9A19103F-16F7-4668-BE54-9A1E7A4F7556}") = "BSP.POS.API", "BSP.POS.API\BSP.POS.API.csproj", "{BC3C3399-2E5E-4358-95A9-00FF1C146A5A}"
EndProject
Project("{9A19103F-16F7-4668-BE54-9A1E7A4F7556}") = "BSP.POS.NEGOCIOS", "BSP.POS.NEGOCIOS\BSP.POS.NEGOCIOS.csproj", "{EA78DFA9-4981-4F63-8809-C76B6C1F1D2C}"
EndProject
Project("{FAE04EC0-301F-11D3-BF4B-00C04F79EFBC}") = "BSP.POS.ServicioDocumentosElectronicos", "BSP.POS.ServicioDocumentosElectronicos\BSP.POS.ServicioDocumentosElectronicos.csproj", "{D2CADBCA-B424-441D-8F93-7F220152BAA9}"
EndProject
Project("{FAE04EC0-301F-11D3-BF4B-00C04F79EFBC}") = "BSP.POS.APICrystalReport", "BSP.POS.APICrystalReport\BSP.POS.APICrystalReport.csproj", "{FD37406A-63F6-4ED5-8071-790FDBBB76F1}"
EndProject
Global
	GlobalSection(SolutionConfigurationPlatforms) = preSolution
		Debug|Any CPU = Debug|Any CPU
		Release|Any CPU = Release|Any CPU
	EndGlobalSection
	GlobalSection(ProjectConfigurationPlatforms) = postSolution
		{9367289C-2B4E-4594-8A7E-FC0DC925D25C}.Debug|Any CPU.ActiveCfg = Debug|Any CPU
		{9367289C-2B4E-4594-8A7E-FC0DC925D25C}.Debug|Any CPU.Build.0 = Debug|Any CPU
		{9367289C-2B4E-4594-8A7E-FC0DC925D25C}.Release|Any CPU.ActiveCfg = Release|Any CPU
		{9367289C-2B4E-4594-8A7E-FC0DC925D25C}.Release|Any CPU.Build.0 = Release|Any CPU
		{8463DDC9-A9ED-44E9-B944-92006FF9CBC2}.Debug|Any CPU.ActiveCfg = Debug|Any CPU
		{8463DDC9-A9ED-44E9-B944-92006FF9CBC2}.Debug|Any CPU.Build.0 = Debug|Any CPU
		{8463DDC9-A9ED-44E9-B944-92006FF9CBC2}.Release|Any CPU.ActiveCfg = Release|Any CPU
		{8463DDC9-A9ED-44E9-B944-92006FF9CBC2}.Release|Any CPU.Build.0 = Release|Any CPU
		{499AD16E-4337-458B-8C30-7B311589A3BD}.Debug|Any CPU.ActiveCfg = Debug|Any CPU
		{499AD16E-4337-458B-8C30-7B311589A3BD}.Debug|Any CPU.Build.0 = Debug|Any CPU
		{499AD16E-4337-458B-8C30-7B311589A3BD}.Release|Any CPU.ActiveCfg = Release|Any CPU
		{499AD16E-4337-458B-8C30-7B311589A3BD}.Release|Any CPU.Build.0 = Release|Any CPU
		{BC3C3399-2E5E-4358-95A9-00FF1C146A5A}.Debug|Any CPU.ActiveCfg = Debug|Any CPU
		{BC3C3399-2E5E-4358-95A9-00FF1C146A5A}.Debug|Any CPU.Build.0 = Debug|Any CPU
		{BC3C3399-2E5E-4358-95A9-00FF1C146A5A}.Release|Any CPU.ActiveCfg = Release|Any CPU
		{BC3C3399-2E5E-4358-95A9-00FF1C146A5A}.Release|Any CPU.Build.0 = Release|Any CPU
		{EA78DFA9-4981-4F63-8809-C76B6C1F1D2C}.Debug|Any CPU.ActiveCfg = Debug|Any CPU
		{EA78DFA9-4981-4F63-8809-C76B6C1F1D2C}.Debug|Any CPU.Build.0 = Debug|Any CPU
		{EA78DFA9-4981-4F63-8809-C76B6C1F1D2C}.Release|Any CPU.ActiveCfg = Release|Any CPU
		{EA78DFA9-4981-4F63-8809-C76B6C1F1D2C}.Release|Any CPU.Build.0 = Release|Any CPU
		{D2CADBCA-B424-441D-8F93-7F220152BAA9}.Debug|Any CPU.ActiveCfg = Debug|Any CPU
		{D2CADBCA-B424-441D-8F93-7F220152BAA9}.Debug|Any CPU.Build.0 = Debug|Any CPU
		{D2CADBCA-B424-441D-8F93-7F220152BAA9}.Release|Any CPU.ActiveCfg = Release|Any CPU
		{D2CADBCA-B424-441D-8F93-7F220152BAA9}.Release|Any CPU.Build.0 = Release|Any CPU
		{FD37406A-63F6-4ED5-8071-790FDBBB76F1}.Debug|Any CPU.ActiveCfg = Debug|Any CPU
		{FD37406A-63F6-4ED5-8071-790FDBBB76F1}.Debug|Any CPU.Build.0 = Debug|Any CPU
		{FD37406A-63F6-4ED5-8071-790FDBBB76F1}.Release|Any CPU.ActiveCfg = Release|Any CPU
		{FD37406A-63F6-4ED5-8071-790FDBBB76F1}.Release|Any CPU.Build.0 = Release|Any CPU
	EndGlobalSection
	GlobalSection(SolutionProperties) = preSolution
		HideSolutionNode = FALSE
	EndGlobalSection
	GlobalSection(ExtensibilityGlobals) = postSolution
		SolutionGuid = {074A4C26-5465-4594-96B7-67954B28032F}
	EndGlobalSection
EndGlobal
